Microsoft Visual Studio Solution File, Format Version 12.00
# Visual Studio 15
VisualStudioVersion = 15.0.26403.7
MinimumVisualStudioVersion = 10.0.40219.1
Project("{2150E333-8FDC-42A3-9474-1A3956D46DE8}") = "src", "src", "{1259EAD0-45FC-456E-99F1-4AA95FD6E7DB}"
EndProject
Project("{9A19103F-16F7-4668-BE54-9A1E7A4F7556}") = "Pathfinder", "src\Pathfinder\Pathfinder.csproj", "{A0A91A59-146A-4897-B028-7BA4367A97FA}"
EndProject
Project("{9A19103F-16F7-4668-BE54-9A1E7A4F7556}") = "Pathfinder.UI", "src\Pathfinder.UI\Pathfinder.UI.csproj", "{A0806578-5D68-4CE9-BA2A-D381FD46F450}"
EndProject
Global
	GlobalSection(Performance) = preSolution
		HasPerformanceSessions = true
	EndGlobalSection
	GlobalSection(SolutionConfigurationPlatforms) = preSolution
		Debug|Any CPU = Debug|Any CPU
		Release|Any CPU = Release|Any CPU
	EndGlobalSection
	GlobalSection(ProjectConfigurationPlatforms) = postSolution
		{A0A91A59-146A-4897-B028-7BA4367A97FA}.Debug|Any CPU.ActiveCfg = Debug|Any CPU
		{A0A91A59-146A-4897-B028-7BA4367A97FA}.Debug|Any CPU.Build.0 = Debug|Any CPU
		{A0A91A59-146A-4897-B028-7BA4367A97FA}.Release|Any CPU.ActiveCfg = Release|Any CPU
		{A0A91A59-146A-4897-B028-7BA4367A97FA}.Release|Any CPU.Build.0 = Release|Any CPU
		{A0806578-5D68-4CE9-BA2A-D381FD46F450}.Debug|Any CPU.ActiveCfg = Debug|Any CPU
		{A0806578-5D68-4CE9-BA2A-D381FD46F450}.Debug|Any CPU.Build.0 = Debug|Any CPU
		{A0806578-5D68-4CE9-BA2A-D381FD46F450}.Release|Any CPU.ActiveCfg = Release|Any CPU
		{A0806578-5D68-4CE9-BA2A-D381FD46F450}.Release|Any CPU.Build.0 = Release|Any CPU
	EndGlobalSection
	GlobalSection(SolutionProperties) = preSolution
		HideSolutionNode = FALSE
	EndGlobalSection
	GlobalSection(NestedProjects) = preSolution
		{A0A91A59-146A-4897-B028-7BA4367A97FA} = {1259EAD0-45FC-456E-99F1-4AA95FD6E7DB}
		{A0806578-5D68-4CE9-BA2A-D381FD46F450} = {1259EAD0-45FC-456E-99F1-4AA95FD6E7DB}
	EndGlobalSection
	GlobalSection(Performance) = preSolution
		HasPerformanceSessions = true
	EndGlobalSection
	GlobalSection(Performance) = preSolution
		HasPerformanceSessions = true
	EndGlobalSection
	GlobalSection(Performance) = preSolution
		HasPerformanceSessions = true
	EndGlobalSection
EndGlobal
